
Microsoft Visual Studio Solution File, Format Version 12.00
# Visual Studio 14
VisualStudioVersion = 14.0.25420.1
MinimumVisualStudioVersion = 10.0.40219.1
Project("{FAE04EC0-301F-11D3-BF4B-00C04F79EFBC}") = "App4", "App4\App4\App4.csproj", "{3EED3A32-E908-42C9-AD6D-576C139C090F}"
EndProject
Project("{FAE04EC0-301F-11D3-BF4B-00C04F79EFBC}") = "App4.Droid", "App4\App4.Droid\App4.Droid.csproj", "{6962030C-945F-40A4-BC6D-C822815FE2AE}"
EndProject
Project("{FAE04EC0-301F-11D3-BF4B-00C04F79EFBC}") = "App4.iOS", "App4\App4.iOS\App4.iOS.csproj", "{24308EC0-79CF-4071-A39F-7D199CD243BB}"
EndProject
Project("{FAE04EC0-301F-11D3-BF4B-00C04F79EFBC}") = "App4.WinPhone", "App4\App4.WinPhone\App4.WinPhone.csproj", "{030BCDBD-6DF0-4570-BE92-E92E91B0059C}"
EndProject
Project("{FAE04EC0-301F-11D3-BF4B-00C04F79EFBC}") = "App4.UWP", "App4\App4.UWP\App4.UWP.csproj", "{651781A2-D781-46D5-93E0-8B09E1F8AFA2}"
EndProject
Project("{FAE04EC0-301F-11D3-BF4B-00C04F79EFBC}") = "App4.Windows", "App4\App4.Windows\App4.Windows.csproj", "{C40580AB-607D-40BC-9530-BCEFB85A30C7}"
EndProject
Global
	GlobalSection(SolutionConfigurationPlatforms) = preSolution
		Ad-Hoc|Any CPU = Ad-Hoc|Any CPU
		Ad-Hoc|ARM = Ad-Hoc|ARM
		Ad-Hoc|iPhone = Ad-Hoc|iPhone
		Ad-Hoc|iPhoneSimulator = Ad-Hoc|iPhoneSimulator
		Ad-Hoc|x64 = Ad-Hoc|x64
		Ad-Hoc|x86 = Ad-Hoc|x86
		AppStore|Any CPU = AppStore|Any CPU
		AppStore|ARM = AppStore|ARM
		AppStore|iPhone = AppStore|iPhone
		AppStore|iPhoneSimulator = AppStore|iPhoneSimulator
		AppStore|x64 = AppStore|x64
		AppStore|x86 = AppStore|x86
		Debug|Any CPU = Debug|Any CPU
		Debug|ARM = Debug|ARM
		Debug|iPhone = Debug|iPhone
		Debug|iPhoneSimulator = Debug|iPhoneSimulator
		Debug|x64 = Debug|x64
		Debug|x86 = Debug|x86
		Release|Any CPU = Release|Any CPU
		Release|ARM = Release|ARM
		Release|iPhone = Release|iPhone
		Release|iPhoneSimulator = Release|iPhoneSimulator
		Release|x64 = Release|x64
		Release|x86 = Release|x86
	EndGlobalSection
	GlobalSection(ProjectConfigurationPlatforms) = postSolution
		{3EED3A32-E908-42C9-AD6D-576C139C090F}.Ad-Hoc|Any CPU.ActiveCfg = Release|Any CPU
		{3EED3A32-E908-42C9-AD6D-576C139C090F}.Ad-Hoc|Any CPU.Build.0 = Release|Any CPU
		{3EED3A32-E908-42C9-AD6D-576C139C090F}.Ad-Hoc|ARM.ActiveCfg = Release|Any CPU
		{3EED3A32-E908-42C9-AD6D-576C139C090F}.Ad-Hoc|ARM.Build.0 = Release|Any CPU
		{3EED3A32-E908-42C9-AD6D-576C139C090F}.Ad-Hoc|iPhone.ActiveCfg = Release|Any CPU
		{3EED3A32-E908-42C9-AD6D-576C139C090F}.Ad-Hoc|iPhone.Build.0 = Release|Any CPU
		{3EED3A32-E908-42C9-AD6D-576C139C090F}.Ad-Hoc|iPhoneSimulator.ActiveCfg = Release|Any CPU
		{3EED3A32-E908-42C9-AD6D-576C139C090F}.Ad-Hoc|iPhoneSimulator.Build.0 = Release|Any CPU
		{3EED3A32-E908-42C9-AD6D-576C139C090F}.Ad-Hoc|x64.ActiveCfg = Release|Any CPU
		{3EED3A32-E908-42C9-AD6D-576C139C090F}.Ad-Hoc|x64.Build.0 = Release|Any CPU
		{3EED3A32-E908-42C9-AD6D-576C139C090F}.Ad-Hoc|x86.ActiveCfg = Release|Any CPU
		{3EED3A32-E908-42C9-AD6D-576C139C090F}.Ad-Hoc|x86.Build.0 = Release|Any CPU
		{3EED3A32-E908-42C9-AD6D-576C139C090F}.AppStore|Any CPU.ActiveCfg = Release|Any CPU
		{3EED3A32-E908-42C9-AD6D-576C139C090F}.AppStore|Any CPU.Build.0 = Release|Any CPU
		{3EED3A32-E908-42C9-AD6D-576C139C090F}.AppStore|ARM.ActiveCfg = Release|Any CPU
		{3EED3A32-E908-42C9-AD6D-576C139C090F}.AppStore|ARM.Build.0 = Release|Any CPU
		{3EED3A32-E908-42C9-AD6D-576C139C090F}.AppStore|iPhone.ActiveCfg = Release|Any CPU
		{3EED3A32-E908-42C9-AD6D-576C139C090F}.AppStore|iPhone.Build.0 = Release|Any CPU
		{3EED3A32-E908-42C9-AD6D-576C139C090F}.AppStore|iPhoneSimulator.ActiveCfg = Release|Any CPU
		{3EED3A32-E908-42C9-AD6D-576C139C090F}.AppStore|iPhoneSimulator.Build.0 = Release|Any CPU
		{3EED3A32-E908-42C9-AD6D-576C139C090F}.AppStore|x64.ActiveCfg = Release|Any CPU
		{3EED3A32-E908-42C9-AD6D-576C139C090F}.AppStore|x64.Build.0 = Release|Any CPU
		{3EED3A32-E908-42C9-AD6D-576C139C090F}.AppStore|x86.ActiveCfg = Release|Any CPU
		{3EED3A32-E908-42C9-AD6D-576C139C090F}.AppStore|x86.Build.0 = Release|Any CPU
		{3EED3A32-E908-42C9-AD6D-576C139C090F}.Debug|Any CPU.ActiveCfg = Debug|Any CPU
		{3EED3A32-E908-42C9-AD6D-576C139C090F}.Debug|Any CPU.Build.0 = Debug|Any CPU
		{3EED3A32-E908-42C9-AD6D-576C139C090F}.Debug|ARM.ActiveCfg = Debug|Any CPU
		{3EED3A32-E908-42C9-AD6D-576C139C090F}.Debug|ARM.Build.0 = Debug|Any CPU
		{3EED3A32-E908-42C9-AD6D-576C139C090F}.Debug|iPhone.ActiveCfg = Debug|Any CPU
		{3EED3A32-E908-42C9-AD6D-576C139C090F}.Debug|iPhone.Build.0 = Debug|Any CPU
		{3EED3A32-E908-42C9-AD6D-576C139C090F}.Debug|iPhoneSimulator.ActiveCfg = Debug|Any CPU
		{3EED3A32-E908-42C9-AD6D-576C139C090F}.Debug|iPhoneSimulator.Build.0 = Debug|Any CPU
		{3EED3A32-E908-42C9-AD6D-576C139C090F}.Debug|x64.ActiveCfg = Debug|Any CPU
		{3EED3A32-E908-42C9-AD6D-576C139C090F}.Debug|x64.Build.0 = Debug|Any CPU
		{3EED3A32-E908-42C9-AD6D-576C139C090F}.Debug|x86.ActiveCfg = Debug|Any CPU
		{3EED3A32-E908-42C9-AD6D-576C139C090F}.Debug|x86.Build.0 = Debug|Any CPU
		{3EED3A32-E908-42C9-AD6D-576C139C090F}.Release|Any CPU.ActiveCfg = Release|Any CPU
		{3EED3A32-E908-42C9-AD6D-576C139C090F}.Release|Any CPU.Build.0 = Release|Any CPU
		{3EED3A32-E908-42C9-AD6D-576C139C090F}.Release|ARM.ActiveCfg = Release|Any CPU
		{3EED3A32-E908-42C9-AD6D-576C139C090F}.Release|ARM.Build.0 = Release|Any CPU
		{3EED3A32-E908-42C9-AD6D-576C139C090F}.Release|iPhone.ActiveCfg = Release|Any CPU
		{3EED3A32-E908-42C9-AD6D-576C139C090F}.Release|iPhone.Build.0 = Release|Any CPU
		{3EED3A32-E908-42C9-AD6D-576C139C090F}.Release|iPhoneSimulator.ActiveCfg = Release|Any CPU
		{3EED3A32-E908-42C9-AD6D-576C139C090F}.Release|iPhoneSimulator.Build.0 = Release|Any CPU
		{3EED3A32-E908-42C9-AD6D-576C139C090F}.Release|x64.ActiveCfg = Release|Any CPU
		{3EED3A32-E908-42C9-AD6D-576C139C090F}.Release|x64.Build.0 = Release|Any CPU
		{3EED3A32-E908-42C9-AD6D-576C139C090F}.Release|x86.ActiveCfg = Release|Any CPU
		{3EED3A32-E908-42C9-AD6D-576C139C090F}.Release|x86.Build.0 = Release|Any CPU
		{6962030C-945F-40A4-BC6D-C822815FE2AE}.Ad-Hoc|Any CPU.ActiveCfg = Release|Any CPU
		{6962030C-945F-40A4-BC6D-C822815FE2AE}.Ad-Hoc|Any CPU.Build.0 = Release|Any CPU
		{6962030C-945F-40A4-BC6D-C822815FE2AE}.Ad-Hoc|Any CPU.Deploy.0 = Release|Any CPU
		{6962030C-945F-40A4-BC6D-C822815FE2AE}.Ad-Hoc|ARM.ActiveCfg = Release|Any CPU
		{6962030C-945F-40A4-BC6D-C822815FE2AE}.Ad-Hoc|ARM.Build.0 = Release|Any CPU
		{6962030C-945F-40A4-BC6D-C822815FE2AE}.Ad-Hoc|ARM.Deploy.0 = Release|Any CPU
		{6962030C-945F-40A4-BC6D-C822815FE2AE}.Ad-Hoc|iPhone.ActiveCfg = Release|Any CPU
		{6962030C-945F-40A4-BC6D-C822815FE2AE}.Ad-Hoc|iPhone.Build.0 = Release|Any CPU
		{6962030C-945F-40A4-BC6D-C822815FE2AE}.Ad-Hoc|iPhone.Deploy.0 = Release|Any CPU
		{6962030C-945F-40A4-BC6D-C822815FE2AE}.Ad-Hoc|iPhoneSimulator.ActiveCfg = Release|Any CPU
		{6962030C-945F-40A4-BC6D-C822815FE2AE}.Ad-Hoc|iPhoneSimulator.Build.0 = Release|Any CPU
		{6962030C-945F-40A4-BC6D-C822815FE2AE}.Ad-Hoc|iPhoneSimulator.Deploy.0 = Release|Any CPU
		{6962030C-945F-40A4-BC6D-C822815FE2AE}.Ad-Hoc|x64.ActiveCfg = Release|Any CPU
		{6962030C-945F-40A4-BC6D-C822815FE2AE}.Ad-Hoc|x64.Build.0 = Release|Any CPU
		{6962030C-945F-40A4-BC6D-C822815FE2AE}.Ad-Hoc|x64.Deploy.0 = Release|Any CPU
		{6962030C-945F-40A4-BC6D-C822815FE2AE}.Ad-Hoc|x86.ActiveCfg = Release|Any CPU
		{6962030C-945F-40A4-BC6D-C822815FE2AE}.Ad-Hoc|x86.Build.0 = Release|Any CPU
		{6962030C-945F-40A4-BC6D-C822815FE2AE}.Ad-Hoc|x86.Deploy.0 = Release|Any CPU
		{6962030C-945F-40A4-BC6D-C822815FE2AE}.AppStore|Any CPU.ActiveCfg = Release|Any CPU
		{6962030C-945F-40A4-BC6D-C822815FE2AE}.AppStore|Any CPU.Build.0 = Release|Any CPU
		{6962030C-945F-40A4-BC6D-C822815FE2AE}.AppStore|Any CPU.Deploy.0 = Release|Any CPU
		{6962030C-945F-40A4-BC6D-C822815FE2AE}.AppStore|ARM.ActiveCfg = Release|Any CPU
		{6962030C-945F-40A4-BC6D-C822815FE2AE}.AppStore|ARM.Build.0 = Release|Any CPU
		{6962030C-945F-40A4-BC6D-C822815FE2AE}.AppStore|ARM.Deploy.0 = Release|Any CPU
		{6962030C-945F-40A4-BC6D-C822815FE2AE}.AppStore|iPhone.ActiveCfg = Release|Any CPU
		{6962030C-945F-40A4-BC6D-C822815FE2AE}.AppStore|iPhone.Build.0 = Release|Any CPU
		{6962030C-945F-40A4-BC6D-C822815FE2AE}.AppStore|iPhone.Deploy.0 = Release|Any CPU
		{6962030C-945F-40A4-BC6D-C822815FE2AE}.AppStore|iPhoneSimulator.ActiveCfg = Release|Any CPU
		{6962030C-945F-40A4-BC6D-C822815FE2AE}.AppStore|iPhoneSimulator.Build.0 = Release|Any CPU
		{6962030C-945F-40A4-BC6D-C822815FE2AE}.AppStore|iPhoneSimulator.Deploy.0 = Release|Any CPU
		{6962030C-945F-40A4-BC6D-C822815FE2AE}.AppStore|x64.ActiveCfg = Release|Any CPU
		{6962030C-945F-40A4-BC6D-C822815FE2AE}.AppStore|x64.Build.0 = Release|Any CPU
		{6962030C-945F-40A4-BC6D-C822815FE2AE}.AppStore|x64.Deploy.0 = Release|Any CPU
		{6962030C-945F-40A4-BC6D-C822815FE2AE}.AppStore|x86.ActiveCfg = Release|Any CPU
		{6962030C-945F-40A4-BC6D-C822815FE2AE}.AppStore|x86.Build.0 = Release|Any CPU
		{6962030C-945F-40A4-BC6D-C822815FE2AE}.AppStore|x86.Deploy.0 = Release|Any CPU
		{6962030C-945F-40A4-BC6D-C822815FE2AE}.Debug|Any CPU.ActiveCfg = Debug|Any CPU
		{6962030C-945F-40A4-BC6D-C822815FE2AE}.Debug|Any CPU.Build.0 = Debug|Any CPU
		{6962030C-945F-40A4-BC6D-C822815FE2AE}.Debug|Any CPU.Deploy.0 = Debug|Any CPU
		{6962030C-945F-40A4-BC6D-C822815FE2AE}.Debug|ARM.ActiveCfg = Debug|Any CPU
		{6962030C-945F-40A4-BC6D-C822815FE2AE}.Debug|ARM.Build.0 = Debug|Any CPU
		{6962030C-945F-40A4-BC6D-C822815FE2AE}.Debug|ARM.Deploy.0 = Debug|Any CPU
		{6962030C-945F-40A4-BC6D-C822815FE2AE}.Debug|iPhone.ActiveCfg = Debug|Any CPU
		{6962030C-945F-40A4-BC6D-C822815FE2AE}.Debug|iPhone.Build.0 = Debug|Any CPU
		{6962030C-945F-40A4-BC6D-C822815FE2AE}.Debug|iPhone.Deploy.0 = Debug|Any CPU
		{6962030C-945F-40A4-BC6D-C822815FE2AE}.Debug|iPhoneSimulator.ActiveCfg = Debug|Any CPU
		{6962030C-945F-40A4-BC6D-C822815FE2AE}.Debug|iPhoneSimulator.Build.0 = Debug|Any CPU
		{6962030C-945F-40A4-BC6D-C822815FE2AE}.Debug|iPhoneSimulator.Deploy.0 = Debug|Any CPU
		{6962030C-945F-40A4-BC6D-C822815FE2AE}.Debug|x64.ActiveCfg = Debug|Any CPU
		{6962030C-945F-40A4-BC6D-C822815FE2AE}.Debug|x64.Build.0 = Debug|Any CPU
		{6962030C-945F-40A4-BC6D-C822815FE2AE}.Debug|x64.Deploy.0 = Debug|Any CPU
		{6962030C-945F-40A4-BC6D-C822815FE2AE}.Debug|x86.ActiveCfg = Debug|Any CPU
		{6962030C-945F-40A4-BC6D-C822815FE2AE}.Debug|x86.Build.0 = Debug|Any CPU
		{6962030C-945F-40A4-BC6D-C822815FE2AE}.Debug|x86.Deploy.0 = Debug|Any CPU
		{6962030C-945F-40A4-BC6D-C822815FE2AE}.Release|Any CPU.ActiveCfg = Release|Any CPU
		{6962030C-945F-40A4-BC6D-C822815FE2AE}.Release|Any CPU.Build.0 = Release|Any CPU
		{6962030C-945F-40A4-BC6D-C822815FE2AE}.Release|Any CPU.Deploy.0 = Release|Any CPU
		{6962030C-945F-40A4-BC6D-C822815FE2AE}.Release|ARM.ActiveCfg = Release|Any CPU
		{6962030C-945F-40A4-BC6D-C822815FE2AE}.Release|ARM.Build.0 = Release|Any CPU
		{6962030C-945F-40A4-BC6D-C822815FE2AE}.Release|ARM.Deploy.0 = Release|Any CPU
		{6962030C-945F-40A4-BC6D-C822815FE2AE}.Release|iPhone.ActiveCfg = Release|Any CPU
		{6962030C-945F-40A4-BC6D-C822815FE2AE}.Release|iPhone.Build.0 = Release|Any CPU
		{6962030C-945F-40A4-BC6D-C822815FE2AE}.Release|iPhone.Deploy.0 = Release|Any CPU
		{6962030C-945F-40A4-BC6D-C822815FE2AE}.Release|iPhoneSimulator.ActiveCfg = Release|Any CPU
		{6962030C-945F-40A4-BC6D-C822815FE2AE}.Release|iPhoneSimulator.Build.0 = Release|Any CPU
		{6962030C-945F-40A4-BC6D-C822815FE2AE}.Release|iPhoneSimulator.Deploy.0 = Release|Any CPU
		{6962030C-945F-40A4-BC6D-C822815FE2AE}.Release|x64.ActiveCfg = Release|Any CPU
		{6962030C-945F-40A4-BC6D-C822815FE2AE}.Release|x64.Build.0 = Release|Any CPU
		{6962030C-945F-40A4-BC6D-C822815FE2AE}.Release|x64.Deploy.0 = Release|Any CPU
		{6962030C-945F-40A4-BC6D-C822815FE2AE}.Release|x86.ActiveCfg = Release|Any CPU
		{6962030C-945F-40A4-BC6D-C822815FE2AE}.Release|x86.Build.0 = Release|Any CPU
		{6962030C-945F-40A4-BC6D-C822815FE2AE}.Release|x86.Deploy.0 = Release|Any CPU
		{24308EC0-79CF-4071-A39F-7D199CD243BB}.Ad-Hoc|Any CPU.ActiveCfg = Ad-Hoc|iPhone
		{24308EC0-79CF-4071-A39F-7D199CD243BB}.Ad-Hoc|ARM.ActiveCfg = Ad-Hoc|iPhone
		{24308EC0-79CF-4071-A39F-7D199CD243BB}.Ad-Hoc|iPhone.ActiveCfg = Ad-Hoc|iPhone
		{24308EC0-79CF-4071-A39F-7D199CD243BB}.Ad-Hoc|iPhone.Build.0 = Ad-Hoc|iPhone
		{24308EC0-79CF-4071-A39F-7D199CD243BB}.Ad-Hoc|iPhoneSimulator.ActiveCfg = Ad-Hoc|iPhoneSimulator
		{24308EC0-79CF-4071-A39F-7D199CD243BB}.Ad-Hoc|iPhoneSimulator.Build.0 = Ad-Hoc|iPhoneSimulator
		{24308EC0-79CF-4071-A39F-7D199CD243BB}.Ad-Hoc|x64.ActiveCfg = Ad-Hoc|iPhone
		{24308EC0-79CF-4071-A39F-7D199CD243BB}.Ad-Hoc|x86.ActiveCfg = Ad-Hoc|iPhone
		{24308EC0-79CF-4071-A39F-7D199CD243BB}.AppStore|Any CPU.ActiveCfg = AppStore|iPhone
		{24308EC0-79CF-4071-A39F-7D199CD243BB}.AppStore|ARM.ActiveCfg = AppStore|iPhone
		{24308EC0-79CF-4071-A39F-7D199CD243BB}.AppStore|iPhone.ActiveCfg = AppStore|iPhone
		{24308EC0-79CF-4071-A39F-7D199CD243BB}.AppStore|iPhone.Build.0 = AppStore|iPhone
		{24308EC0-79CF-4071-A39F-7D199CD243BB}.AppStore|iPhoneSimulator.ActiveCfg = AppStore|iPhoneSimulator
		{24308EC0-79CF-4071-A39F-7D199CD243BB}.AppStore|iPhoneSimulator.Build.0 = AppStore|iPhoneSimulator
		{24308EC0-79CF-4071-A39F-7D199CD243BB}.AppStore|x64.ActiveCfg = AppStore|iPhone
		{24308EC0-79CF-4071-A39F-7D199CD243BB}.AppStore|x86.ActiveCfg = AppStore|iPhone
		{24308EC0-79CF-4071-A39F-7D199CD243BB}.Debug|Any CPU.ActiveCfg = Debug|iPhone
		{24308EC0-79CF-4071-A39F-7D199CD243BB}.Debug|ARM.ActiveCfg = Debug|iPhone
		{24308EC0-79CF-4071-A39F-7D199CD243BB}.Debug|iPhone.ActiveCfg = Debug|iPhone
		{24308EC0-79CF-4071-A39F-7D199CD243BB}.Debug|iPhone.Build.0 = Debug|iPhone
		{24308EC0-79CF-4071-A39F-7D199CD243BB}.Debug|iPhoneSimulator.ActiveCfg = Debug|iPhoneSimulator
		{24308EC0-79CF-4071-A39F-7D199CD243BB}.Debug|iPhoneSimulator.Build.0 = Debug|iPhoneSimulator
		{24308EC0-79CF-4071-A39F-7D199CD243BB}.Debug|x64.ActiveCfg = Debug|iPhone
		{24308EC0-79CF-4071-A39F-7D199CD243BB}.Debug|x86.ActiveCfg = Debug|iPhone
		{24308EC0-79CF-4071-A39F-7D199CD243BB}.Release|Any CPU.ActiveCfg = Release|iPhone
		{24308EC0-79CF-4071-A39F-7D199CD243BB}.Release|ARM.ActiveCfg = Release|iPhone
		{24308EC0-79CF-4071-A39F-7D199CD243BB}.Release|iPhone.ActiveCfg = Release|iPhone
		{24308EC0-79CF-4071-A39F-7D199CD243BB}.Release|iPhone.Build.0 = Release|iPhone
		{24308EC0-79CF-4071-A39F-7D199CD243BB}.Release|iPhoneSimulator.ActiveCfg = Release|iPhoneSimulator
		{24308EC0-79CF-4071-A39F-7D199CD243BB}.Release|iPhoneSimulator.Build.0 = Release|iPhoneSimulator
		{24308EC0-79CF-4071-A39F-7D199CD243BB}.Release|x64.ActiveCfg = Release|iPhone
		{24308EC0-79CF-4071-A39F-7D199CD243BB}.Release|x86.ActiveCfg = Release|iPhone
		{030BCDBD-6DF0-4570-BE92-E92E91B0059C}.Ad-Hoc|Any CPU.ActiveCfg = Release|Any CPU
		{030BCDBD-6DF0-4570-BE92-E92E91B0059C}.Ad-Hoc|Any CPU.Build.0 = Release|Any CPU
		{030BCDBD-6DF0-4570-BE92-E92E91B0059C}.Ad-Hoc|Any CPU.Deploy.0 = Release|Any CPU
		{030BCDBD-6DF0-4570-BE92-E92E91B0059C}.Ad-Hoc|ARM.ActiveCfg = Release|ARM
		{030BCDBD-6DF0-4570-BE92-E92E91B0059C}.Ad-Hoc|ARM.Build.0 = Release|ARM
		{030BCDBD-6DF0-4570-BE92-E92E91B0059C}.Ad-Hoc|ARM.Deploy.0 = Release|ARM
		{030BCDBD-6DF0-4570-BE92-E92E91B0059C}.Ad-Hoc|iPhone.ActiveCfg = Release|Any CPU
		{030BCDBD-6DF0-4570-BE92-E92E91B0059C}.Ad-Hoc|iPhone.Build.0 = Release|Any CPU
		{030BCDBD-6DF0-4570-BE92-E92E91B0059C}.Ad-Hoc|iPhone.Deploy.0 = Release|Any CPU
		{030BCDBD-6DF0-4570-BE92-E92E91B0059C}.Ad-Hoc|iPhoneSimulator.ActiveCfg = Release|Any CPU
		{030BCDBD-6DF0-4570-BE92-E92E91B0059C}.Ad-Hoc|iPhoneSimulator.Build.0 = Release|Any CPU
		{030BCDBD-6DF0-4570-BE92-E92E91B0059C}.Ad-Hoc|iPhoneSimulator.Deploy.0 = Release|Any CPU
		{030BCDBD-6DF0-4570-BE92-E92E91B0059C}.Ad-Hoc|x64.ActiveCfg = Release|Any CPU
		{030BCDBD-6DF0-4570-BE92-E92E91B0059C}.Ad-Hoc|x64.Build.0 = Release|Any CPU
		{030BCDBD-6DF0-4570-BE92-E92E91B0059C}.Ad-Hoc|x64.Deploy.0 = Release|Any CPU
		{030BCDBD-6DF0-4570-BE92-E92E91B0059C}.Ad-Hoc|x86.ActiveCfg = Release|x86
		{030BCDBD-6DF0-4570-BE92-E92E91B0059C}.Ad-Hoc|x86.Build.0 = Release|x86
		{030BCDBD-6DF0-4570-BE92-E92E91B0059C}.Ad-Hoc|x86.Deploy.0 = Release|x86
		{030BCDBD-6DF0-4570-BE92-E92E91B0059C}.AppStore|Any CPU.ActiveCfg = Release|Any CPU
		{030BCDBD-6DF0-4570-BE92-E92E91B0059C}.AppStore|Any CPU.Build.0 = Release|Any CPU
		{030BCDBD-6DF0-4570-BE92-E92E91B0059C}.AppStore|Any CPU.Deploy.0 = Release|Any CPU
		{030BCDBD-6DF0-4570-BE92-E92E91B0059C}.AppStore|ARM.ActiveCfg = Release|ARM
		{030BCDBD-6DF0-4570-BE92-E92E91B0059C}.AppStore|ARM.Build.0 = Release|ARM
		{030BCDBD-6DF0-4570-BE92-E92E91B0059C}.AppStore|ARM.Deploy.0 = Release|ARM
		{030BCDBD-6DF0-4570-BE92-E92E91B0059C}.AppStore|iPhone.ActiveCfg = Release|Any CPU
		{030BCDBD-6DF0-4570-BE92-E92E91B0059C}.AppStore|iPhone.Build.0 = Release|Any CPU
		{030BCDBD-6DF0-4570-BE92-E92E91B0059C}.AppStore|iPhone.Deploy.0 = Release|Any CPU
		{030BCDBD-6DF0-4570-BE92-E92E91B0059C}.AppStore|iPhoneSimulator.ActiveCfg = Release|Any CPU
		{030BCDBD-6DF0-4570-BE92-E92E91B0059C}.AppStore|iPhoneSimulator.Build.0 = Release|Any CPU
		{030BCDBD-6DF0-4570-BE92-E92E91B0059C}.AppStore|iPhoneSimulator.Deploy.0 = Release|Any CPU
		{030BCDBD-6DF0-4570-BE92-E92E91B0059C}.AppStore|x64.ActiveCfg = Release|Any CPU
		{030BCDBD-6DF0-4570-BE92-E92E91B0059C}.AppStore|x64.Build.0 = Release|Any CPU
		{030BCDBD-6DF0-4570-BE92-E92E91B0059C}.AppStore|x64.Deploy.0 = Release|Any CPU
		{030BCDBD-6DF0-4570-BE92-E92E91B0059C}.AppStore|x86.ActiveCfg = Release|x86
		{030BCDBD-6DF0-4570-BE92-E92E91B0059C}.AppStore|x86.Build.0 = Release|x86
		{030BCDBD-6DF0-4570-BE92-E92E91B0059C}.AppStore|x86.Deploy.0 = Release|x86
		{030BCDBD-6DF0-4570-BE92-E92E91B0059C}.Debug|Any CPU.ActiveCfg = Debug|Any CPU
		{030BCDBD-6DF0-4570-BE92-E92E91B0059C}.Debug|Any CPU.Build.0 = Debug|Any CPU
		{030BCDBD-6DF0-4570-BE92-E92E91B0059C}.Debug|Any CPU.Deploy.0 = Debug|Any CPU
		{030BCDBD-6DF0-4570-BE92-E92E91B0059C}.Debug|ARM.ActiveCfg = Debug|ARM
		{030BCDBD-6DF0-4570-BE92-E92E91B0059C}.Debug|ARM.Build.0 = Debug|ARM
		{030BCDBD-6DF0-4570-BE92-E92E91B0059C}.Debug|ARM.Deploy.0 = Debug|ARM
		{030BCDBD-6DF0-4570-BE92-E92E91B0059C}.Debug|iPhone.ActiveCfg = Debug|Any CPU
		{030BCDBD-6DF0-4570-BE92-E92E91B0059C}.Debug|iPhone.Build.0 = Debug|Any CPU
		{030BCDBD-6DF0-4570-BE92-E92E91B0059C}.Debug|iPhone.Deploy.0 = Debug|Any CPU
		{030BCDBD-6DF0-4570-BE92-E92E91B0059C}.Debug|iPhoneSimulator.ActiveCfg = Debug|Any CPU
		{030BCDBD-6DF0-4570-BE92-E92E91B0059C}.Debug|iPhoneSimulator.Build.0 = Debug|Any CPU
		{030BCDBD-6DF0-4570-BE92-E92E91B0059C}.Debug|iPhoneSimulator.Deploy.0 = Debug|Any CPU
		{030BCDBD-6DF0-4570-BE92-E92E91B0059C}.Debug|x64.ActiveCfg = Debug|Any CPU
		{030BCDBD-6DF0-4570-BE92-E92E91B0059C}.Debug|x64.Build.0 = Debug|Any CPU
		{030BCDBD-6DF0-4570-BE92-E92E91B0059C}.Debug|x64.Deploy.0 = Debug|Any CPU
		{030BCDBD-6DF0-4570-BE92-E92E91B0059C}.Debug|x86.ActiveCfg = Debug|x86
		{030BCDBD-6DF0-4570-BE92-E92E91B0059C}.Debug|x86.Build.0 = Debug|x86
		{030BCDBD-6DF0-4570-BE92-E92E91B0059C}.Debug|x86.Deploy.0 = Debug|x86
		{030BCDBD-6DF0-4570-BE92-E92E91B0059C}.Release|Any CPU.ActiveCfg = Release|Any CPU
		{030BCDBD-6DF0-4570-BE92-E92E91B0059C}.Release|Any CPU.Build.0 = Release|Any CPU
		{030BCDBD-6DF0-4570-BE92-E92E91B0059C}.Release|Any CPU.Deploy.0 = Release|Any CPU
		{030BCDBD-6DF0-4570-BE92-E92E91B0059C}.Release|ARM.ActiveCfg = Release|ARM
		{030BCDBD-6DF0-4570-BE92-E92E91B0059C}.Release|ARM.Build.0 = Release|ARM
		{030BCDBD-6DF0-4570-BE92-E92E91B0059C}.Release|ARM.Deploy.0 = Release|ARM
		{030BCDBD-6DF0-4570-BE92-E92E91B0059C}.Release|iPhone.ActiveCfg = Release|Any CPU
		{030BCDBD-6DF0-4570-BE92-E92E91B0059C}.Release|iPhone.Build.0 = Release|Any CPU
		{030BCDBD-6DF0-4570-BE92-E92E91B0059C}.Release|iPhone.Deploy.0 = Release|Any CPU
		{030BCDBD-6DF0-4570-BE92-E92E91B0059C}.Release|iPhoneSimulator.ActiveCfg = Release|Any CPU
		{030BCDBD-6DF0-4570-BE92-E92E91B0059C}.Release|iPhoneSimulator.Build.0 = Release|Any CPU
		{030BCDBD-6DF0-4570-BE92-E92E91B0059C}.Release|iPhoneSimulator.Deploy.0 = Release|Any CPU
		{030BCDBD-6DF0-4570-BE92-E92E91B0059C}.Release|x64.ActiveCfg = Release|Any CPU
		{030BCDBD-6DF0-4570-BE92-E92E91B0059C}.Release|x64.Build.0 = Release|Any CPU
		{030BCDBD-6DF0-4570-BE92-E92E91B0059C}.Release|x64.Deploy.0 = Release|Any CPU
		{030BCDBD-6DF0-4570-BE92-E92E91B0059C}.Release|x86.ActiveCfg = Release|x86
		{030BCDBD-6DF0-4570-BE92-E92E91B0059C}.Release|x86.Build.0 = Release|x86
		{030BCDBD-6DF0-4570-BE92-E92E91B0059C}.Release|x86.Deploy.0 = Release|x86
		{651781A2-D781-46D5-93E0-8B09E1F8AFA2}.Ad-Hoc|Any CPU.ActiveCfg = Release|x86
		{651781A2-D781-46D5-93E0-8B09E1F8AFA2}.Ad-Hoc|Any CPU.Build.0 = Release|x86
		{651781A2-D781-46D5-93E0-8B09E1F8AFA2}.Ad-Hoc|Any CPU.Deploy.0 = Release|x86
		{651781A2-D781-46D5-93E0-8B09E1F8AFA2}.Ad-Hoc|ARM.ActiveCfg = Release|ARM
		{651781A2-D781-46D5-93E0-8B09E1F8AFA2}.Ad-Hoc|ARM.Build.0 = Release|ARM
		{651781A2-D781-46D5-93E0-8B09E1F8AFA2}.Ad-Hoc|ARM.Deploy.0 = Release|ARM
		{651781A2-D781-46D5-93E0-8B09E1F8AFA2}.Ad-Hoc|iPhone.ActiveCfg = Release|x86
		{651781A2-D781-46D5-93E0-8B09E1F8AFA2}.Ad-Hoc|iPhone.Build.0 = Release|x86
		{651781A2-D781-46D5-93E0-8B09E1F8AFA2}.Ad-Hoc|iPhone.Deploy.0 = Release|x86
		{651781A2-D781-46D5-93E0-8B09E1F8AFA2}.Ad-Hoc|iPhoneSimulator.ActiveCfg = Release|x86
		{651781A2-D781-46D5-93E0-8B09E1F8AFA2}.Ad-Hoc|iPhoneSimulator.Build.0 = Release|x86
		{651781A2-D781-46D5-93E0-8B09E1F8AFA2}.Ad-Hoc|iPhoneSimulator.Deploy.0 = Release|x86
		{651781A2-D781-46D5-93E0-8B09E1F8AFA2}.Ad-Hoc|x64.ActiveCfg = Release|x64
		{651781A2-D781-46D5-93E0-8B09E1F8AFA2}.Ad-Hoc|x64.Build.0 = Release|x64
		{651781A2-D781-46D5-93E0-8B09E1F8AFA2}.Ad-Hoc|x64.Deploy.0 = Release|x64
		{651781A2-D781-46D5-93E0-8B09E1F8AFA2}.Ad-Hoc|x86.ActiveCfg = Release|x86
		{651781A2-D781-46D5-93E0-8B09E1F8AFA2}.Ad-Hoc|x86.Build.0 = Release|x86
		{651781A2-D781-46D5-93E0-8B09E1F8AFA2}.Ad-Hoc|x86.Deploy.0 = Release|x86
		{651781A2-D781-46D5-93E0-8B09E1F8AFA2}.AppStore|Any CPU.ActiveCfg = Release|x86
		{651781A2-D781-46D5-93E0-8B09E1F8AFA2}.AppStore|Any CPU.Build.0 = Release|x86
		{651781A2-D781-46D5-93E0-8B09E1F8AFA2}.AppStore|Any CPU.Deploy.0 = Release|x86
		{651781A2-D781-46D5-93E0-8B09E1F8AFA2}.AppStore|ARM.ActiveCfg = Release|ARM
		{651781A2-D781-46D5-93E0-8B09E1F8AFA2}.AppStore|ARM.Build.0 = Release|ARM
		{651781A2-D781-46D5-93E0-8B09E1F8AFA2}.AppStore|ARM.Deploy.0 = Release|ARM
		{651781A2-D781-46D5-93E0-8B09E1F8AFA2}.AppStore|iPhone.ActiveCfg = Release|x86
		{651781A2-D781-46D5-93E0-8B09E1F8AFA2}.AppStore|iPhone.Build.0 = Release|x86
		{651781A2-D781-46D5-93E0-8B09E1F8AFA2}.AppStore|iPhone.Deploy.0 = Release|x86
		{651781A2-D781-46D5-93E0-8B09E1F8AFA2}.AppStore|iPhoneSimulator.ActiveCfg = Release|x86
		{651781A2-D781-46D5-93E0-8B09E1F8AFA2}.AppStore|iPhoneSimulator.Build.0 = Release|x86
		{651781A2-D781-46D5-93E0-8B09E1F8AFA2}.AppStore|iPhoneSimulator.Deploy.0 = Release|x86
		{651781A2-D781-46D5-93E0-8B09E1F8AFA2}.AppStore|x64.ActiveCfg = Release|x64
		{651781A2-D781-46D5-93E0-8B09E1F8AFA2}.AppStore|x64.Build.0 = Release|x64
		{651781A2-D781-46D5-93E0-8B09E1F8AFA2}.AppStore|x64.Deploy.0 = Release|x64
		{651781A2-D781-46D5-93E0-8B09E1F8AFA2}.AppStore|x86.ActiveCfg = Release|x86
		{651781A2-D781-46D5-93E0-8B09E1F8AFA2}.AppStore|x86.Build.0 = Release|x86
		{651781A2-D781-46D5-93E0-8B09E1F8AFA2}.AppStore|x86.Deploy.0 = Release|x86
		{651781A2-D781-46D5-93E0-8B09E1F8AFA2}.Debug|Any CPU.ActiveCfg = Debug|x86
		{651781A2-D781-46D5-93E0-8B09E1F8AFA2}.Debug|ARM.ActiveCfg = Debug|ARM
		{651781A2-D781-46D5-93E0-8B09E1F8AFA2}.Debug|ARM.Build.0 = Debug|ARM
		{651781A2-D781-46D5-93E0-8B09E1F8AFA2}.Debug|ARM.Deploy.0 = Debug|ARM
		{651781A2-D781-46D5-93E0-8B09E1F8AFA2}.Debug|iPhone.ActiveCfg = Debug|x86
		{651781A2-D781-46D5-93E0-8B09E1F8AFA2}.Debug|iPhoneSimulator.ActiveCfg = Debug|x86
		{651781A2-D781-46D5-93E0-8B09E1F8AFA2}.Debug|x64.ActiveCfg = Debug|x64
		{651781A2-D781-46D5-93E0-8B09E1F8AFA2}.Debug|x64.Build.0 = Debug|x64
		{651781A2-D781-46D5-93E0-8B09E1F8AFA2}.Debug|x64.Deploy.0 = Debug|x64
		{651781A2-D781-46D5-93E0-8B09E1F8AFA2}.Debug|x86.ActiveCfg = Debug|x86
		{651781A2-D781-46D5-93E0-8B09E1F8AFA2}.Debug|x86.Build.0 = Debug|x86
		{651781A2-D781-46D5-93E0-8B09E1F8AFA2}.Debug|x86.Deploy.0 = Debug|x86
		{651781A2-D781-46D5-93E0-8B09E1F8AFA2}.Release|Any CPU.ActiveCfg = Release|x86
		{651781A2-D781-46D5-93E0-8B09E1F8AFA2}.Release|ARM.ActiveCfg = Release|ARM
		{651781A2-D781-46D5-93E0-8B09E1F8AFA2}.Release|ARM.Build.0 = Release|ARM
		{651781A2-D781-46D5-93E0-8B09E1F8AFA2}.Release|ARM.Deploy.0 = Release|ARM
		{651781A2-D781-46D5-93E0-8B09E1F8AFA2}.Release|iPhone.ActiveCfg = Release|x86
		{651781A2-D781-46D5-93E0-8B09E1F8AFA2}.Release|iPhoneSimulator.ActiveCfg = Release|x86
		{651781A2-D781-46D5-93E0-8B09E1F8AFA2}.Release|x64.ActiveCfg = Release|x64
		{651781A2-D781-46D5-93E0-8B09E1F8AFA2}.Release|x64.Build.0 = Release|x64
		{651781A2-D781-46D5-93E0-8B09E1F8AFA2}.Release|x64.Deploy.0 = Release|x64
		{651781A2-D781-46D5-93E0-8B09E1F8AFA2}.Release|x86.ActiveCfg = Release|x86
		{651781A2-D781-46D5-93E0-8B09E1F8AFA2}.Release|x86.Build.0 = Release|x86
		{651781A2-D781-46D5-93E0-8B09E1F8AFA2}.Release|x86.Deploy.0 = Release|x86
		{C40580AB-607D-40BC-9530-BCEFB85A30C7}.Ad-Hoc|Any CPU.ActiveCfg = Release|Any CPU
		{C40580AB-607D-40BC-9530-BCEFB85A30C7}.Ad-Hoc|Any CPU.Build.0 = Release|Any CPU
		{C40580AB-607D-40BC-9530-BCEFB85A30C7}.Ad-Hoc|Any CPU.Deploy.0 = Release|Any CPU
		{C40580AB-607D-40BC-9530-BCEFB85A30C7}.Ad-Hoc|ARM.ActiveCfg = Release|ARM
		{C40580AB-607D-40BC-9530-BCEFB85A30C7}.Ad-Hoc|ARM.Build.0 = Release|ARM
		{C40580AB-607D-40BC-9530-BCEFB85A30C7}.Ad-Hoc|ARM.Deploy.0 = Release|ARM
		{C40580AB-607D-40BC-9530-BCEFB85A30C7}.Ad-Hoc|iPhone.ActiveCfg = Release|Any CPU
		{C40580AB-607D-40BC-9530-BCEFB85A30C7}.Ad-Hoc|iPhone.Build.0 = Release|Any CPU
		{C40580AB-607D-40BC-9530-BCEFB85A30C7}.Ad-Hoc|iPhone.Deploy.0 = Release|Any CPU
		{C40580AB-607D-40BC-9530-BCEFB85A30C7}.Ad-Hoc|iPhoneSimulator.ActiveCfg = Release|Any CPU
		{C40580AB-607D-40BC-9530-BCEFB85A30C7}.Ad-Hoc|iPhoneSimulator.Build.0 = Release|Any CPU
		{C40580AB-607D-40BC-9530-BCEFB85A30C7}.Ad-Hoc|iPhoneSimulator.Deploy.0 = Release|Any CPU
		{C40580AB-607D-40BC-9530-BCEFB85A30C7}.Ad-Hoc|x64.ActiveCfg = Release|x64
		{C40580AB-607D-40BC-9530-BCEFB85A30C7}.Ad-Hoc|x64.Build.0 = Release|x64
		{C40580AB-607D-40BC-9530-BCEFB85A30C7}.Ad-Hoc|x64.Deploy.0 = Release|x64
		{C40580AB-607D-40BC-9530-BCEFB85A30C7}.Ad-Hoc|x86.ActiveCfg = Release|x86
		{C40580AB-607D-40BC-9530-BCEFB85A30C7}.Ad-Hoc|x86.Build.0 = Release|x86
		{C40580AB-607D-40BC-9530-BCEFB85A30C7}.Ad-Hoc|x86.Deploy.0 = Release|x86
		{C40580AB-607D-40BC-9530-BCEFB85A30C7}.AppStore|Any CPU.ActiveCfg = Release|Any CPU
		{C40580AB-607D-40BC-9530-BCEFB85A30C7}.AppStore|Any CPU.Build.0 = Release|Any CPU
		{C40580AB-607D-40BC-9530-BCEFB85A30C7}.AppStore|Any CPU.Deploy.0 = Release|Any CPU
		{C40580AB-607D-40BC-9530-BCEFB85A30C7}.AppStore|ARM.ActiveCfg = Release|ARM
		{C40580AB-607D-40BC-9530-BCEFB85A30C7}.AppStore|ARM.Build.0 = Release|ARM
		{C40580AB-607D-40BC-9530-BCEFB85A30C7}.AppStore|ARM.Deploy.0 = Release|ARM
		{C40580AB-607D-40BC-9530-BCEFB85A30C7}.AppStore|iPhone.ActiveCfg = Release|Any CPU
		{C40580AB-607D-40BC-9530-BCEFB85A30C7}.AppStore|iPhone.Build.0 = Release|Any CPU
		{C40580AB-607D-40BC-9530-BCEFB85A30C7}.AppStore|iPhone.Deploy.0 = Release|Any CPU
		{C40580AB-607D-40BC-9530-BCEFB85A30C7}.AppStore|iPhoneSimulator.ActiveCfg = Release|Any CPU
		{C40580AB-607D-40BC-9530-BCEFB85A30C7}.AppStore|iPhoneSimulator.Build.0 = Release|Any CPU
		{C40580AB-607D-40BC-9530-BCEFB85A30C7}.AppStore|iPhoneSimulator.Deploy.0 = Release|Any CPU
		{C40580AB-607D-40BC-9530-BCEFB85A30C7}.AppStore|x64.ActiveCfg = Release|x64
		{C40580AB-607D-40BC-9530-BCEFB85A30C7}.AppStore|x64.Build.0 = Release|x64
		{C40580AB-607D-40BC-9530-BCEFB85A30C7}.AppStore|x64.Deploy.0 = Release|x64
		{C40580AB-607D-40BC-9530-BCEFB85A30C7}.AppStore|x86.ActiveCfg = Release|x86
		{C40580AB-607D-40BC-9530-BCEFB85A30C7}.AppStore|x86.Build.0 = Release|x86
		{C40580AB-607D-40BC-9530-BCEFB85A30C7}.AppStore|x86.Deploy.0 = Release|x86
		{C40580AB-607D-40BC-9530-BCEFB85A30C7}.Debug|Any CPU.ActiveCfg = Debug|Any CPU
		{C40580AB-607D-40BC-9530-BCEFB85A30C7}.Debug|Any CPU.Build.0 = Debug|Any CPU
		{C40580AB-607D-40BC-9530-BCEFB85A30C7}.Debug|Any CPU.Deploy.0 = Debug|Any CPU
		{C40580AB-607D-40BC-9530-BCEFB85A30C7}.Debug|ARM.ActiveCfg = Debug|ARM
		{C40580AB-607D-40BC-9530-BCEFB85A30C7}.Debug|ARM.Build.0 = Debug|ARM
		{C40580AB-607D-40BC-9530-BCEFB85A30C7}.Debug|ARM.Deploy.0 = Debug|ARM
		{C40580AB-607D-40BC-9530-BCEFB85A30C7}.Debug|iPhone.ActiveCfg = Debug|Any CPU
		{C40580AB-607D-40BC-9530-BCEFB85A30C7}.Debug|iPhone.Build.0 = Debug|Any CPU
		{C40580AB-607D-40BC-9530-BCEFB85A30C7}.Debug|iPhone.Deploy.0 = Debug|Any CPU
		{C40580AB-607D-40BC-9530-BCEFB85A30C7}.Debug|iPhoneSimulator.ActiveCfg = Debug|Any CPU
		{C40580AB-607D-40BC-9530-BCEFB85A30C7}.Debug|iPhoneSimulator.Build.0 = Debug|Any CPU
		{C40580AB-607D-40BC-9530-BCEFB85A30C7}.Debug|iPhoneSimulator.Deploy.0 = Debug|Any CPU
		{C40580AB-607D-40BC-9530-BCEFB85A30C7}.Debug|x64.ActiveCfg = Debug|x64
		{C40580AB-607D-40BC-9530-BCEFB85A30C7}.Debug|x64.Build.0 = Debug|x64
		{C40580AB-607D-40BC-9530-BCEFB85A30C7}.Debug|x64.Deploy.0 = Debug|x64
		{C40580AB-607D-40BC-9530-BCEFB85A30C7}.Debug|x86.ActiveCfg = Debug|x86
		{C40580AB-607D-40BC-9530-BCEFB85A30C7}.Debug|x86.Build.0 = Debug|x86
		{C40580AB-607D-40BC-9530-BCEFB85A30C7}.Debug|x86.Deploy.0 = Debug|x86
		{C40580AB-607D-40BC-9530-BCEFB85A30C7}.Release|Any CPU.ActiveCfg = Release|Any CPU
		{C40580AB-607D-40BC-9530-BCEFB85A30C7}.Release|Any CPU.Build.0 = Release|Any CPU
		{C40580AB-607D-40BC-9530-BCEFB85A30C7}.Release|Any CPU.Deploy.0 = Release|Any CPU
		{C40580AB-607D-40BC-9530-BCEFB85A30C7}.Release|ARM.ActiveCfg = Release|ARM
		{C40580AB-607D-40BC-9530-BCEFB85A30C7}.Release|ARM.Build.0 = Release|ARM
		{C40580AB-607D-40BC-9530-BCEFB85A30C7}.Release|ARM.Deploy.0 = Release|ARM
		{C40580AB-607D-40BC-9530-BCEFB85A30C7}.Release|iPhone.ActiveCfg = Release|Any CPU
		{C40580AB-607D-40BC-9530-BCEFB85A30C7}.Release|iPhone.Build.0 = Release|Any CPU
		{C40580AB-607D-40BC-9530-BCEFB85A30C7}.Release|iPhone.Deploy.0 = Release|Any CPU
		{C40580AB-607D-40BC-9530-BCEFB85A30C7}.Release|iPhoneSimulator.ActiveCfg = Release|Any CPU
		{C40580AB-607D-40BC-9530-BCEFB85A30C7}.Release|iPhoneSimulator.Build.0 = Release|Any CPU
		{C40580AB-607D-40BC-9530-BCEFB85A30C7}.Release|iPhoneSimulator.Deploy.0 = Release|Any CPU
		{C40580AB-607D-40BC-9530-BCEFB85A30C7}.Release|x64.ActiveCfg = Release|x64
		{C40580AB-607D-40BC-9530-BCEFB85A30C7}.Release|x64.Build.0 = Release|x64
		{C40580AB-607D-40BC-9530-BCEFB85A30C7}.Release|x64.Deploy.0 = Release|x64
		{C40580AB-607D-40BC-9530-BCEFB85A30C7}.Release|x86.ActiveCfg = Release|x86
		{C40580AB-607D-40BC-9530-BCEFB85A30C7}.Release|x86.Build.0 = Release|x86
		{C40580AB-607D-40BC-9530-BCEFB85A30C7}.Release|x86.Deploy.0 = Release|x86
	EndGlobalSection
	GlobalSection(SolutionProperties) = preSolution
		HideSolutionNode = FALSE
	EndGlobalSection
EndGlobal
